// !$*UTF8*$!
{
	archiveVersion = 1;
	classes = {
	};
	objectVersion = 56;
	objects = {

/* Begin PBXBuildFile section */
		CEF4088B2C6AB73400E88229 /* AppDelegate.swift in Sources */ = {isa = PBXBuildFile; fileRef = CEF4088A2C6AB73400E88229 /* AppDelegate.swift */; };
		CEF4088D2C6AB73400E88229 /* SceneDelegate.swift in Sources */ = {isa = PBXBuildFile; fileRef = CEF4088C2C6AB73400E88229 /* SceneDelegate.swift */; };
		CEF4088F2C6AB73400E88229 /* AuthViewController.swift in Sources */ = {isa = PBXBuildFile; fileRef = CEF4088E2C6AB73400E88229 /* AuthViewController.swift */; };
		CEF408942C6AB73A00E88229 /* Assets.xcassets in Resources */ = {isa = PBXBuildFile; fileRef = CEF408932C6AB73A00E88229 /* Assets.xcassets */; };
		CEF408972C6AB73A00E88229 /* LaunchScreen.storyboard in Resources */ = {isa = PBXBuildFile; fileRef = CEF408952C6AB73A00E88229 /* LaunchScreen.storyboard */; };
		CEF4089F2C6BBBC100E88229 /* WebViewViewController.swift in Sources */ = {isa = PBXBuildFile; fileRef = CEF4089E2C6BBBC100E88229 /* WebViewViewController.swift */; };
		CEF408A12C6BEBC900E88229 /* AuthConfiguration.swift in Sources */ = {isa = PBXBuildFile; fileRef = CEF408A02C6BEBC900E88229 /* AuthConfiguration.swift */; };
		CEF408A32C6BF1DF00E88229 /* GalleryViewController.swift in Sources */ = {isa = PBXBuildFile; fileRef = CEF408A22C6BF1DF00E88229 /* GalleryViewController.swift */; };
		CEF408A62C6BF61300E88229 /* SwiftKeychainWrapper in Frameworks */ = {isa = PBXBuildFile; productRef = CEF408A52C6BF61300E88229 /* SwiftKeychainWrapper */; };
		CEF408A82C6BF66E00E88229 /* AccessTokenStorage.swift in Sources */ = {isa = PBXBuildFile; fileRef = CEF408A72C6BF66E00E88229 /* AccessTokenStorage.swift */; };
		CEF408D42C6D480800E88229 /* VKResponseBody.swift in Sources */ = {isa = PBXBuildFile; fileRef = CEF408D32C6D480800E88229 /* VKResponseBody.swift */; };
		CEF408D62C6D4BFA00E88229 /* PhotosNetworkService.swift in Sources */ = {isa = PBXBuildFile; fileRef = CEF408D52C6D4BFA00E88229 /* PhotosNetworkService.swift */; };
		CEF408D82C6D504F00E88229 /* PhotosRequestConfiguration.swift in Sources */ = {isa = PBXBuildFile; fileRef = CEF408D72C6D504F00E88229 /* PhotosRequestConfiguration.swift */; };
		CEF408DA2C6D535100E88229 /* NetworkServiceErrors.swift in Sources */ = {isa = PBXBuildFile; fileRef = CEF408D92C6D535100E88229 /* NetworkServiceErrors.swift */; };
/* End PBXBuildFile section */

/* Begin PBXFileReference section */
		CEF408872C6AB73400E88229 /* MobileUpGallery.app */ = {isa = PBXFileReference; explicitFileType = wrapper.application; includeInIndex = 0; path = MobileUpGallery.app; sourceTree = BUILT_PRODUCTS_DIR; };
		CEF4088A2C6AB73400E88229 /* AppDelegate.swift */ = {isa = PBXFileReference; lastKnownFileType = sourcecode.swift; path = AppDelegate.swift; sourceTree = "<group>"; };
		CEF4088C2C6AB73400E88229 /* SceneDelegate.swift */ = {isa = PBXFileReference; lastKnownFileType = sourcecode.swift; path = SceneDelegate.swift; sourceTree = "<group>"; };
		CEF4088E2C6AB73400E88229 /* AuthViewController.swift */ = {isa = PBXFileReference; lastKnownFileType = sourcecode.swift; path = AuthViewController.swift; sourceTree = "<group>"; };
		CEF408932C6AB73A00E88229 /* Assets.xcassets */ = {isa = PBXFileReference; lastKnownFileType = folder.assetcatalog; path = Assets.xcassets; sourceTree = "<group>"; };
		CEF408962C6AB73A00E88229 /* Base */ = {isa = PBXFileReference; lastKnownFileType = file.storyboard; name = Base; path = Base.lproj/LaunchScreen.storyboard; sourceTree = "<group>"; };
		CEF408982C6AB73A00E88229 /* Info.plist */ = {isa = PBXFileReference; lastKnownFileType = text.plist.xml; path = Info.plist; sourceTree = "<group>"; };
		CEF4089E2C6BBBC100E88229 /* WebViewViewController.swift */ = {isa = PBXFileReference; lastKnownFileType = sourcecode.swift; path = WebViewViewController.swift; sourceTree = "<group>"; };
		CEF408A02C6BEBC900E88229 /* AuthConfiguration.swift */ = {isa = PBXFileReference; lastKnownFileType = sourcecode.swift; path = AuthConfiguration.swift; sourceTree = "<group>"; };
		CEF408A22C6BF1DF00E88229 /* GalleryViewController.swift */ = {isa = PBXFileReference; lastKnownFileType = sourcecode.swift; path = GalleryViewController.swift; sourceTree = "<group>"; };
		CEF408A72C6BF66E00E88229 /* AccessTokenStorage.swift */ = {isa = PBXFileReference; lastKnownFileType = sourcecode.swift; path = AccessTokenStorage.swift; sourceTree = "<group>"; };
		CEF408D32C6D480800E88229 /* VKResponseBody.swift */ = {isa = PBXFileReference; lastKnownFileType = sourcecode.swift; path = VKResponseBody.swift; sourceTree = "<group>"; };
		CEF408D52C6D4BFA00E88229 /* PhotosNetworkService.swift */ = {isa = PBXFileReference; lastKnownFileType = sourcecode.swift; path = PhotosNetworkService.swift; sourceTree = "<group>"; };
		CEF408D72C6D504F00E88229 /* PhotosRequestConfiguration.swift */ = {isa = PBXFileReference; lastKnownFileType = sourcecode.swift; path = PhotosRequestConfiguration.swift; sourceTree = "<group>"; };
		CEF408D92C6D535100E88229 /* NetworkServiceErrors.swift */ = {isa = PBXFileReference; lastKnownFileType = sourcecode.swift; path = NetworkServiceErrors.swift; sourceTree = "<group>"; };
/* End PBXFileReference section */

/* Begin PBXFrameworksBuildPhase section */
		CEF408842C6AB73400E88229 /* Frameworks */ = {
			isa = PBXFrameworksBuildPhase;
			buildActionMask = 2147483647;
			files = (
				CEF408A62C6BF61300E88229 /* SwiftKeychainWrapper in Frameworks */,
			);
			runOnlyForDeploymentPostprocessing = 0;
		};
/* End PBXFrameworksBuildPhase section */

/* Begin PBXGroup section */
		CEF4087E2C6AB73400E88229 = {
			isa = PBXGroup;
			children = (
				CEF408892C6AB73400E88229 /* MobileUpGallery */,
				CEF408882C6AB73400E88229 /* Products */,
			);
			sourceTree = "<group>";
		};
		CEF408882C6AB73400E88229 /* Products */ = {
			isa = PBXGroup;
			children = (
				CEF408872C6AB73400E88229 /* MobileUpGallery.app */,
			);
			name = Products;
			sourceTree = "<group>";
		};
		CEF408892C6AB73400E88229 /* MobileUpGallery */ = {
			isa = PBXGroup;
			children = (
				CEF4088A2C6AB73400E88229 /* AppDelegate.swift */,
				CEF4088C2C6AB73400E88229 /* SceneDelegate.swift */,
				CEF4088E2C6AB73400E88229 /* AuthViewController.swift */,
				CEF408932C6AB73A00E88229 /* Assets.xcassets */,
				CEF408952C6AB73A00E88229 /* LaunchScreen.storyboard */,
				CEF408982C6AB73A00E88229 /* Info.plist */,
				CEF4089E2C6BBBC100E88229 /* WebViewViewController.swift */,
				CEF408A02C6BEBC900E88229 /* AuthConfiguration.swift */,
				CEF408A22C6BF1DF00E88229 /* GalleryViewController.swift */,
				CEF408A72C6BF66E00E88229 /* AccessTokenStorage.swift */,
				CEF408D32C6D480800E88229 /* VKResponseBody.swift */,
				CEF408D52C6D4BFA00E88229 /* PhotosNetworkService.swift */,
				CEF408D72C6D504F00E88229 /* PhotosRequestConfiguration.swift */,
				CEF408D92C6D535100E88229 /* NetworkServiceErrors.swift */,
			);
			path = MobileUpGallery;
			sourceTree = "<group>";
		};
/* End PBXGroup section */

/* Begin PBXNativeTarget section */
		CEF408862C6AB73400E88229 /* MobileUpGallery */ = {
			isa = PBXNativeTarget;
			buildConfigurationList = CEF4089B2C6AB73A00E88229 /* Build configuration list for PBXNativeTarget "MobileUpGallery" */;
			buildPhases = (
				CEF408832C6AB73400E88229 /* Sources */,
				CEF408842C6AB73400E88229 /* Frameworks */,
				CEF408852C6AB73400E88229 /* Resources */,
			);
			buildRules = (
			);
			dependencies = (
			);
			name = MobileUpGallery;
			packageProductDependencies = (
				CEF408A52C6BF61300E88229 /* SwiftKeychainWrapper */,
			);
			productName = MobileUpGallery;
			productReference = CEF408872C6AB73400E88229 /* MobileUpGallery.app */;
			productType = "com.apple.product-type.application";
		};
/* End PBXNativeTarget section */

/* Begin PBXProject section */
		CEF4087F2C6AB73400E88229 /* Project object */ = {
			isa = PBXProject;
			attributes = {
				BuildIndependentTargetsInParallel = 1;
				LastSwiftUpdateCheck = 1520;
				LastUpgradeCheck = 1520;
				TargetAttributes = {
					CEF408862C6AB73400E88229 = {
						CreatedOnToolsVersion = 15.2;
					};
				};
			};
			buildConfigurationList = CEF408822C6AB73400E88229 /* Build configuration list for PBXProject "MobileUpGallery" */;
			compatibilityVersion = "Xcode 14.0";
			developmentRegion = en;
			hasScannedForEncodings = 0;
			knownRegions = (
				en,
				Base,
			);
			mainGroup = CEF4087E2C6AB73400E88229;
			packageReferences = (
				CEF408A42C6BF61300E88229 /* XCRemoteSwiftPackageReference "SwiftKeychainWrapper" */,
			);
			productRefGroup = CEF408882C6AB73400E88229 /* Products */;
			projectDirPath = "";
			projectRoot = "";
			targets = (
				CEF408862C6AB73400E88229 /* MobileUpGallery */,
			);
		};
/* End PBXProject section */

/* Begin PBXResourcesBuildPhase section */
		CEF408852C6AB73400E88229 /* Resources */ = {
			isa = PBXResourcesBuildPhase;
			buildActionMask = 2147483647;
			files = (
				CEF408972C6AB73A00E88229 /* LaunchScreen.storyboard in Resources */,
				CEF408942C6AB73A00E88229 /* Assets.xcassets in Resources */,
			);
			runOnlyForDeploymentPostprocessing = 0;
		};
/* End PBXResourcesBuildPhase section */

/* Begin PBXSourcesBuildPhase section */
		CEF408832C6AB73400E88229 /* Sources */ = {
			isa = PBXSourcesBuildPhase;
			buildActionMask = 2147483647;
			files = (
				CEF408D82C6D504F00E88229 /* PhotosRequestConfiguration.swift in Sources */,
				CEF4088F2C6AB73400E88229 /* AuthViewController.swift in Sources */,
				CEF408DA2C6D535100E88229 /* NetworkServiceErrors.swift in Sources */,
				CEF4088B2C6AB73400E88229 /* AppDelegate.swift in Sources */,
				CEF408A82C6BF66E00E88229 /* AccessTokenStorage.swift in Sources */,
				CEF4089F2C6BBBC100E88229 /* WebViewViewController.swift in Sources */,
				CEF408D62C6D4BFA00E88229 /* PhotosNetworkService.swift in Sources */,
				CEF408A32C6BF1DF00E88229 /* GalleryViewController.swift in Sources */,
				CEF408D42C6D480800E88229 /* VKResponseBody.swift in Sources */,
				CEF408A12C6BEBC900E88229 /* AuthConfiguration.swift in Sources */,
				CEF4088D2C6AB73400E88229 /* SceneDelegate.swift in Sources */,
			);
			runOnlyForDeploymentPostprocessing = 0;
		};
/* End PBXSourcesBuildPhase section */

/* Begin PBXVariantGroup section */
		CEF408952C6AB73A00E88229 /* LaunchScreen.storyboard */ = {
			isa = PBXVariantGroup;
			children = (
				CEF408962C6AB73A00E88229 /* Base */,
			);
			name = LaunchScreen.storyboard;
			sourceTree = "<group>";
		};
/* End PBXVariantGroup section */

/* Begin XCBuildConfiguration section */
		CEF408992C6AB73A00E88229 /* Debug */ = {
			isa = XCBuildConfiguration;
			buildSettings = {
				ALWAYS_SEARCH_USER_PATHS = NO;
				ASSETCATALOG_COMPILER_GENERATE_SWIFT_ASSET_SYMBOL_EXTENSIONS = YES;
				CLANG_ANALYZER_NONNULL = YES;
				CLANG_ANALYZER_NUMBER_OBJECT_CONVERSION = YES_AGGRESSIVE;
				CLANG_CXX_LANGUAGE_STANDARD = "gnu++20";
				CLANG_ENABLE_MODULES = YES;
				CLANG_ENABLE_OBJC_ARC = YES;
				CLANG_ENABLE_OBJC_WEAK = YES;
				CLANG_WARN_BLOCK_CAPTURE_AUTORELEASING = YES;
				CLANG_WARN_BOOL_CONVERSION = YES;
				CLANG_WARN_COMMA = YES;
				CLANG_WARN_CONSTANT_CONVERSION = YES;
				CLANG_WARN_DEPRECATED_OBJC_IMPLEMENTATIONS = YES;
				CLANG_WARN_DIRECT_OBJC_ISA_USAGE = YES_ERROR;
				CLANG_WARN_DOCUMENTATION_COMMENTS = YES;
				CLANG_WARN_EMPTY_BODY = YES;
				CLANG_WARN_ENUM_CONVERSION = YES;
				CLANG_WARN_INFINITE_RECURSION = YES;
				CLANG_WARN_INT_CONVERSION = YES;
				CLANG_WARN_NON_LITERAL_NULL_CONVERSION = YES;
				CLANG_WARN_OBJC_IMPLICIT_RETAIN_SELF = YES;
				CLANG_WARN_OBJC_LITERAL_CONVERSION = YES;
				CLANG_WARN_OBJC_ROOT_CLASS = YES_ERROR;
				CLANG_WARN_QUOTED_INCLUDE_IN_FRAMEWORK_HEADER = YES;
				CLANG_WARN_RANGE_LOOP_ANALYSIS = YES;
				CLANG_WARN_STRICT_PROTOTYPES = YES;
				CLANG_WARN_SUSPICIOUS_MOVE = YES;
				CLANG_WARN_UNGUARDED_AVAILABILITY = YES_AGGRESSIVE;
				CLANG_WARN_UNREACHABLE_CODE = YES;
				CLANG_WARN__DUPLICATE_METHOD_MATCH = YES;
				COPY_PHASE_STRIP = NO;
				DEBUG_INFORMATION_FORMAT = dwarf;
				ENABLE_STRICT_OBJC_MSGSEND = YES;
				ENABLE_TESTABILITY = YES;
				ENABLE_USER_SCRIPT_SANDBOXING = YES;
				GCC_C_LANGUAGE_STANDARD = gnu17;
				GCC_DYNAMIC_NO_PIC = NO;
				GCC_NO_COMMON_BLOCKS = YES;
				GCC_OPTIMIZATION_LEVEL = 0;
				GCC_PREPROCESSOR_DEFINITIONS = (
					"DEBUG=1",
					"$(inherited)",
				);
				GCC_WARN_64_TO_32_BIT_CONVERSION = YES;
				GCC_WARN_ABOUT_RETURN_TYPE = YES_ERROR;
				GCC_WARN_UNDECLARED_SELECTOR = YES;
				GCC_WARN_UNINITIALIZED_AUTOS = YES_AGGRESSIVE;
				GCC_WARN_UNUSED_FUNCTION = YES;
				GCC_WARN_UNUSED_VARIABLE = YES;
				IPHONEOS_DEPLOYMENT_TARGET = 17.2;
				LOCALIZATION_PREFERS_STRING_CATALOGS = YES;
				MTL_ENABLE_DEBUG_INFO = INCLUDE_SOURCE;
				MTL_FAST_MATH = YES;
				ONLY_ACTIVE_ARCH = YES;
				SDKROOT = iphoneos;
				SWIFT_ACTIVE_COMPILATION_CONDITIONS = "DEBUG $(inherited)";
				SWIFT_OPTIMIZATION_LEVEL = "-Onone";
			};
			name = Debug;
		};
		CEF4089A2C6AB73A00E88229 /* Release */ = {
			isa = XCBuildConfiguration;
			buildSettings = {
				ALWAYS_SEARCH_USER_PATHS = NO;
				ASSETCATALOG_COMPILER_GENERATE_SWIFT_ASSET_SYMBOL_EXTENSIONS = YES;
				CLANG_ANALYZER_NONNULL = YES;
				CLANG_ANALYZER_NUMBER_OBJECT_CONVERSION = YES_AGGRESSIVE;
				CLANG_CXX_LANGUAGE_STANDARD = "gnu++20";
				CLANG_ENABLE_MODULES = YES;
				CLANG_ENABLE_OBJC_ARC = YES;
				CLANG_ENABLE_OBJC_WEAK = YES;
				CLANG_WARN_BLOCK_CAPTURE_AUTORELEASING = YES;
				CLANG_WARN_BOOL_CONVERSION = YES;
				CLANG_WARN_COMMA = YES;
				CLANG_WARN_CONSTANT_CONVERSION = YES;
				CLANG_WARN_DEPRECATED_OBJC_IMPLEMENTATIONS = YES;
				CLANG_WARN_DIRECT_OBJC_ISA_USAGE = YES_ERROR;
				CLANG_WARN_DOCUMENTATION_COMMENTS = YES;
				CLANG_WARN_EMPTY_BODY = YES;
				CLANG_WARN_ENUM_CONVERSION = YES;
				CLANG_WARN_INFINITE_RECURSION = YES;
				CLANG_WARN_INT_CONVERSION = YES;
				CLANG_WARN_NON_LITERAL_NULL_CONVERSION = YES;
				CLANG_WARN_OBJC_IMPLICIT_RETAIN_SELF = YES;
				CLANG_WARN_OBJC_LITERAL_CONVERSION = YES;
				CLANG_WARN_OBJC_ROOT_CLASS = YES_ERROR;
				CLANG_WARN_QUOTED_INCLUDE_IN_FRAMEWORK_HEADER = YES;
				CLANG_WARN_RANGE_LOOP_ANALYSIS = YES;
				CLANG_WARN_STRICT_PROTOTYPES = YES;
				CLANG_WARN_SUSPICIOUS_MOVE = YES;
				CLANG_WARN_UNGUARDED_AVAILABILITY = YES_AGGRESSIVE;
				CLANG_WARN_UNREACHABLE_CODE = YES;
				CLANG_WARN__DUPLICATE_METHOD_MATCH = YES;
				COPY_PHASE_STRIP = NO;
				DEBUG_INFORMATION_FORMAT = "dwarf-with-dsym";
				ENABLE_NS_ASSERTIONS = NO;
				ENABLE_STRICT_OBJC_MSGSEND = YES;
				ENABLE_USER_SCRIPT_SANDBOXING = YES;
				GCC_C_LANGUAGE_STANDARD = gnu17;
				GCC_NO_COMMON_BLOCKS = YES;
				GCC_WARN_64_TO_32_BIT_CONVERSION = YES;
				GCC_WARN_ABOUT_RETURN_TYPE = YES_ERROR;
				GCC_WARN_UNDECLARED_SELECTOR = YES;
				GCC_WARN_UNINITIALIZED_AUTOS = YES_AGGRESSIVE;
				GCC_WARN_UNUSED_FUNCTION = YES;
				GCC_WARN_UNUSED_VARIABLE = YES;
				IPHONEOS_DEPLOYMENT_TARGET = 17.2;
				LOCALIZATION_PREFERS_STRING_CATALOGS = YES;
				MTL_ENABLE_DEBUG_INFO = NO;
				MTL_FAST_MATH = YES;
				SDKROOT = iphoneos;
				SWIFT_COMPILATION_MODE = wholemodule;
				VALIDATE_PRODUCT = YES;
			};
			name = Release;
		};
		CEF4089C2C6AB73A00E88229 /* Debug */ = {
			isa = XCBuildConfiguration;
			buildSettings = {
				ASSETCATALOG_COMPILER_APPICON_NAME = AppIcon;
				ASSETCATALOG_COMPILER_GLOBAL_ACCENT_COLOR_NAME = AccentColor;
				CODE_SIGN_STYLE = Automatic;
				CURRENT_PROJECT_VERSION = 1;
				DEVELOPMENT_TEAM = 36DY467P7Q;
				GENERATE_INFOPLIST_FILE = YES;
				INFOPLIST_FILE = MobileUpGallery/Info.plist;
				INFOPLIST_KEY_UIApplicationSupportsIndirectInputEvents = YES;
				INFOPLIST_KEY_UILaunchStoryboardName = LaunchScreen;
				INFOPLIST_KEY_UISupportedInterfaceOrientations = UIInterfaceOrientationPortrait;
				IPHONEOS_DEPLOYMENT_TARGET = 15.0;
				LD_RUNPATH_SEARCH_PATHS = (
					"$(inherited)",
					"@executable_path/Frameworks",
				);
				MARKETING_VERSION = 1.0;
				PRODUCT_BUNDLE_IDENTIFIER = com.aa.moskovtsev.MobileUpGallery;
				PRODUCT_NAME = "$(TARGET_NAME)";
				SUPPORTED_PLATFORMS = "iphoneos iphonesimulator";
				SUPPORTS_MACCATALYST = NO;
				SUPPORTS_MAC_DESIGNED_FOR_IPHONE_IPAD = NO;
				SUPPORTS_XR_DESIGNED_FOR_IPHONE_IPAD = NO;
				SWIFT_EMIT_LOC_STRINGS = YES;
				SWIFT_VERSION = 5.0;
				TARGETED_DEVICE_FAMILY = 1;
			};
			name = Debug;
		};
		CEF4089D2C6AB73A00E88229 /* Release */ = {
			isa = XCBuildConfiguration;
			buildSettings = {
				ASSETCATALOG_COMPILER_APPICON_NAME = AppIcon;
				ASSETCATALOG_COMPILER_GLOBAL_ACCENT_COLOR_NAME = AccentColor;
				CODE_SIGN_STYLE = Automatic;
				CURRENT_PROJECT_VERSION = 1;
				DEVELOPMENT_TEAM = 36DY467P7Q;
				GENERATE_INFOPLIST_FILE = YES;
				INFOPLIST_FILE = MobileUpGallery/Info.plist;
				INFOPLIST_KEY_UIApplicationSupportsIndirectInputEvents = YES;
				INFOPLIST_KEY_UILaunchStoryboardName = LaunchScreen;
				INFOPLIST_KEY_UISupportedInterfaceOrientations = UIInterfaceOrientationPortrait;
				IPHONEOS_DEPLOYMENT_TARGET = 15.0;
				LD_RUNPATH_SEARCH_PATHS = (
					"$(inherited)",
					"@executable_path/Frameworks",
				);
				MARKETING_VERSION = 1.0;
				PRODUCT_BUNDLE_IDENTIFIER = com.aa.moskovtsev.MobileUpGallery;
				PRODUCT_NAME = "$(TARGET_NAME)";
				SUPPORTED_PLATFORMS = "iphoneos iphonesimulator";
				SUPPORTS_MACCATALYST = NO;
				SUPPORTS_MAC_DESIGNED_FOR_IPHONE_IPAD = NO;
				SUPPORTS_XR_DESIGNED_FOR_IPHONE_IPAD = NO;
				SWIFT_EMIT_LOC_STRINGS = YES;
				SWIFT_VERSION = 5.0;
				TARGETED_DEVICE_FAMILY = 1;
			};
			name = Release;
		};
/* End XCBuildConfiguration section */

/* Begin XCConfigurationList section */
		CEF408822C6AB73400E88229 /* Build configuration list for PBXProject "MobileUpGallery" */ = {
			isa = XCConfigurationList;
			buildConfigurations = (
				CEF408992C6AB73A00E88229 /* Debug */,
				CEF4089A2C6AB73A00E88229 /* Release */,
			);
			defaultConfigurationIsVisible = 0;
			defaultConfigurationName = Release;
		};
		CEF4089B2C6AB73A00E88229 /* Build configuration list for PBXNativeTarget "MobileUpGallery" */ = {
			isa = XCConfigurationList;
			buildConfigurations = (
				CEF4089C2C6AB73A00E88229 /* Debug */,
				CEF4089D2C6AB73A00E88229 /* Release */,
			);
			defaultConfigurationIsVisible = 0;
			defaultConfigurationName = Release;
		};
/* End XCConfigurationList section */

/* Begin XCRemoteSwiftPackageReference section */
		CEF408A42C6BF61300E88229 /* XCRemoteSwiftPackageReference "SwiftKeychainWrapper" */ = {
			isa = XCRemoteSwiftPackageReference;
			repositoryURL = "https://github.com/jrendel/SwiftKeychainWrapper";
			requirement = {
				kind = upToNextMajorVersion;
				minimumVersion = 4.0.1;
			};
		};
/* End XCRemoteSwiftPackageReference section */

/* Begin XCSwiftPackageProductDependency section */
		CEF408A52C6BF61300E88229 /* SwiftKeychainWrapper */ = {
			isa = XCSwiftPackageProductDependency;
			package = CEF408A42C6BF61300E88229 /* XCRemoteSwiftPackageReference "SwiftKeychainWrapper" */;
			productName = SwiftKeychainWrapper;
		};
/* End XCSwiftPackageProductDependency section */
	};
	rootObject = CEF4087F2C6AB73400E88229 /* Project object */;
}
